
Microsoft Visual Studio Solution File, Format Version 12.00
# Visual Studio Version 17
VisualStudioVersion = 17.0.31903.59
MinimumVisualStudioVersion = 10.0.40219.1
Project("{2150E333-8FDC-42A3-9474-1A3956D46DE8}") = "src", "src", "{827E0CD3-B72D-47B6-A68D-7590B98EB39B}"
EndProject
Project("{2150E333-8FDC-42A3-9474-1A3956D46DE8}") = "BuildingBlocks", "BuildingBlocks", "{90298CBA-BD6F-3A0A-69D5-97CAD7B05E7E}"
EndProject
Project("{FAE04EC0-301F-11D3-BF4B-00C04F79EFBC}") = "AppointmentScheduler.BuildingBlocks", "src\BuildingBlocks\AppointmentScheduler.BuildingBlocks\AppointmentScheduler.BuildingBlocks.csproj", "{1EECEC51-EB97-4630-8BAE-A1A336C1EAB6}"
EndProject
Project("{FAE04EC0-301F-11D3-BF4B-00C04F79EFBC}") = "AppointmentScheduler.BuildingBlocks.Persistence", "src\BuildingBlocks\AppointmentScheduler.BuildingBlocks.Persistence\AppointmentScheduler.BuildingBlocks.Persistence.csproj", "{C2E6A25D-A1A5-4C62-A5DF-B3B48F0C3DBC}"
EndProject
Project("{2150E333-8FDC-42A3-9474-1A3956D46DE8}") = "Host", "Host", "{981C2CF6-E5BB-602A-511C-234B538302B0}"
EndProject
Project("{FAE04EC0-301F-11D3-BF4B-00C04F79EFBC}") = "AppointmentScheduler.Api", "src\Host\AppointmentScheduler.Api\AppointmentScheduler.Api.csproj", "{82CC5015-BB49-42EE-A34E-962096AE31C1}"
EndProject
Project("{2150E333-8FDC-42A3-9474-1A3956D46DE8}") = "Modules", "Modules", "{EC447DCF-ABFA-6E24-52A5-D7FD48A5C558}"
EndProject
Project("{2150E333-8FDC-42A3-9474-1A3956D46DE8}") = "Booking", "Booking", "{FC0D8A46-3DC7-E91E-C357-28F70C4DB3C6}"
EndProject
Project("{FAE04EC0-301F-11D3-BF4B-00C04F79EFBC}") = "AppointmentScheduler.Booking", "src\Modules\Booking\AppointmentScheduler.Booking\AppointmentScheduler.Booking.csproj", "{2CDA0993-4A12-42AF-BF90-CEF32A324BEA}"
EndProject
Project("{FAE04EC0-301F-11D3-BF4B-00C04F79EFBC}") = "AppointmentScheduler.Booking.Contracts", "src\Modules\Booking\AppointmentScheduler.Booking.Contracts\AppointmentScheduler.Booking.Contracts.csproj", "{727714F5-1A02-4CF6-B6FE-DB0861833F7F}"
EndProject
Project("{2150E333-8FDC-42A3-9474-1A3956D46DE8}") = "Catalog", "Catalog", "{1E1EF545-4C18-AEE2-B997-7EF431518D3F}"
EndProject
Project("{FAE04EC0-301F-11D3-BF4B-00C04F79EFBC}") = "AppointmentScheduler.Catalog.Contracts", "src\Modules\Catalog\AppointmentScheduler.Catalog.Contracts\AppointmentScheduler.Catalog.Contracts.csproj", "{E5BCB467-32D7-4D8D-B45D-C700A28ABE95}"
EndProject
Project("{2150E333-8FDC-42A3-9474-1A3956D46DE8}") = "Fleet", "Fleet", "{3F49F743-7069-AB78-6FAA-3B0680876963}"
EndProject
Project("{FAE04EC0-301F-11D3-BF4B-00C04F79EFBC}") = "AppointmentScheduler.Fleet.Contracts", "src\Modules\Fleet\AppointmentScheduler.Fleet.Contracts\AppointmentScheduler.Fleet.Contracts.csproj", "{ADB6D631-8A60-4FE7-82A0-D85CF2A21396}"
EndProject
Project("{2150E333-8FDC-42A3-9474-1A3956D46DE8}") = "Workforce", "Workforce", "{07548A0D-84A2-0B0C-5029-229EEE9F11E7}"
EndProject
Project("{FAE04EC0-301F-11D3-BF4B-00C04F79EFBC}") = "AppointmentScheduler.Workforce.Contracts", "src\Modules\Workforce\AppointmentScheduler.Workforce.Contracts\AppointmentScheduler.Workforce.Contracts.csproj", "{9E1D9B5A-3DEA-4C92-AA10-6B2D502A9238}"
EndProject
Project("{FAE04EC0-301F-11D3-BF4B-00C04F79EFBC}") = "AppointmentScheduler.Fleet", "src\Modules\Fleet\AppointmentScheduler.Fleet\AppointmentScheduler.Fleet.csproj", "{A210AD02-EC33-436F-98B3-4F2FCFABC3E5}"
EndProject
Project("{FAE04EC0-301F-11D3-BF4B-00C04F79EFBC}") = "AppointmentScheduler.Workforce", "src\Modules\Workforce\AppointmentScheduler.Workforce\AppointmentScheduler.Workforce.csproj", "{04B6B867-DDF8-4B6A-A04F-4AF9F68007CF}"
EndProject
Project("{FAE04EC0-301F-11D3-BF4B-00C04F79EFBC}") = "AppointmentScheduler.Catalog", "src\Modules\Catalog\AppointmentScheduler.Catalog\AppointmentScheduler.Catalog.csproj", "{3DF2813D-B976-457F-9316-357E71C4BFA7}"
EndProject
Project("{2150E333-8FDC-42A3-9474-1A3956D46DE8}") = "tests", "tests", "{0AB3BF05-4346-4AA6-1389-037BE0695223}"
EndProject
Project("{FAE04EC0-301F-11D3-BF4B-00C04F79EFBC}") = "AppointmentScheduler.Api.Tests", "tests\AppointmentScheduler.Api.Tests\AppointmentScheduler.Api.Tests.csproj", "{A27034AB-15AA-4ED6-AA28-ABE1B1CF10FA}"
EndProject
Project("{FAE04EC0-301F-11D3-BF4B-00C04F79EFBC}") = "AppointmentScheduler.Application.Tests", "tests\AppointmentScheduler.Application.Tests\AppointmentScheduler.Application.Tests.csproj", "{E04F4626-80D9-4E48-9C8E-2E3F095151B4}"
EndProject
Project("{FAE04EC0-301F-11D3-BF4B-00C04F79EFBC}") = "AppointmentScheduler.ArchitectureTests", "tests\AppointmentScheduler.ArchitectureTests\AppointmentScheduler.ArchitectureTests.csproj", "{5FD434AA-3B33-4006-A211-B682FC9C3656}"
EndProject
Project("{FAE04EC0-301F-11D3-BF4B-00C04F79EFBC}") = "AppointmentScheduler.BuildingBlocks.SharedKernel", "src\BuildingBlocks\AppointmentScheduler.BuildingBlocks.SharedKernel\AppointmentScheduler.BuildingBlocks.SharedKernel.csproj", "{C1FF47AF-9E7E-4E0E-B08F-4C30713C2301}"
EndProject
Global
	GlobalSection(SolutionConfigurationPlatforms) = preSolution
		Debug|Any CPU = Debug|Any CPU
		Debug|x64 = Debug|x64
		Debug|x86 = Debug|x86
		Release|Any CPU = Release|Any CPU
		Release|x64 = Release|x64
		Release|x86 = Release|x86
	EndGlobalSection
	GlobalSection(ProjectConfigurationPlatforms) = postSolution
		{1EECEC51-EB97-4630-8BAE-A1A336C1EAB6}.Debug|Any CPU.ActiveCfg = Debug|Any CPU
		{1EECEC51-EB97-4630-8BAE-A1A336C1EAB6}.Debug|Any CPU.Build.0 = Debug|Any CPU
		{1EECEC51-EB97-4630-8BAE-A1A336C1EAB6}.Debug|x64.ActiveCfg = Debug|Any CPU
		{1EECEC51-EB97-4630-8BAE-A1A336C1EAB6}.Debug|x64.Build.0 = Debug|Any CPU
		{1EECEC51-EB97-4630-8BAE-A1A336C1EAB6}.Debug|x86.ActiveCfg = Debug|Any CPU
		{1EECEC51-EB97-4630-8BAE-A1A336C1EAB6}.Debug|x86.Build.0 = Debug|Any CPU
		{1EECEC51-EB97-4630-8BAE-A1A336C1EAB6}.Release|Any CPU.ActiveCfg = Release|Any CPU
		{1EECEC51-EB97-4630-8BAE-A1A336C1EAB6}.Release|Any CPU.Build.0 = Release|Any CPU
		{1EECEC51-EB97-4630-8BAE-A1A336C1EAB6}.Release|x64.ActiveCfg = Release|Any CPU
		{1EECEC51-EB97-4630-8BAE-A1A336C1EAB6}.Release|x64.Build.0 = Release|Any CPU
		{1EECEC51-EB97-4630-8BAE-A1A336C1EAB6}.Release|x86.ActiveCfg = Release|Any CPU
		{1EECEC51-EB97-4630-8BAE-A1A336C1EAB6}.Release|x86.Build.0 = Release|Any CPU
		{C2E6A25D-A1A5-4C62-A5DF-B3B48F0C3DBC}.Debug|Any CPU.ActiveCfg = Debug|Any CPU
		{C2E6A25D-A1A5-4C62-A5DF-B3B48F0C3DBC}.Debug|Any CPU.Build.0 = Debug|Any CPU
		{C2E6A25D-A1A5-4C62-A5DF-B3B48F0C3DBC}.Debug|x64.ActiveCfg = Debug|Any CPU
		{C2E6A25D-A1A5-4C62-A5DF-B3B48F0C3DBC}.Debug|x64.Build.0 = Debug|Any CPU
		{C2E6A25D-A1A5-4C62-A5DF-B3B48F0C3DBC}.Debug|x86.ActiveCfg = Debug|Any CPU
		{C2E6A25D-A1A5-4C62-A5DF-B3B48F0C3DBC}.Debug|x86.Build.0 = Debug|Any CPU
		{C2E6A25D-A1A5-4C62-A5DF-B3B48F0C3DBC}.Release|Any CPU.ActiveCfg = Release|Any CPU
		{C2E6A25D-A1A5-4C62-A5DF-B3B48F0C3DBC}.Release|Any CPU.Build.0 = Release|Any CPU
		{C2E6A25D-A1A5-4C62-A5DF-B3B48F0C3DBC}.Release|x64.ActiveCfg = Release|Any CPU
		{C2E6A25D-A1A5-4C62-A5DF-B3B48F0C3DBC}.Release|x64.Build.0 = Release|Any CPU
		{C2E6A25D-A1A5-4C62-A5DF-B3B48F0C3DBC}.Release|x86.ActiveCfg = Release|Any CPU
		{C2E6A25D-A1A5-4C62-A5DF-B3B48F0C3DBC}.Release|x86.Build.0 = Release|Any CPU
		{82CC5015-BB49-42EE-A34E-962096AE31C1}.Debug|Any CPU.ActiveCfg = Debug|Any CPU
		{82CC5015-BB49-42EE-A34E-962096AE31C1}.Debug|Any CPU.Build.0 = Debug|Any CPU
		{82CC5015-BB49-42EE-A34E-962096AE31C1}.Debug|x64.ActiveCfg = Debug|Any CPU
		{82CC5015-BB49-42EE-A34E-962096AE31C1}.Debug|x64.Build.0 = Debug|Any CPU
		{82CC5015-BB49-42EE-A34E-962096AE31C1}.Debug|x86.ActiveCfg = Debug|Any CPU
		{82CC5015-BB49-42EE-A34E-962096AE31C1}.Debug|x86.Build.0 = Debug|Any CPU
		{82CC5015-BB49-42EE-A34E-962096AE31C1}.Release|Any CPU.ActiveCfg = Release|Any CPU
		{82CC5015-BB49-42EE-A34E-962096AE31C1}.Release|Any CPU.Build.0 = Release|Any CPU
		{82CC5015-BB49-42EE-A34E-962096AE31C1}.Release|x64.ActiveCfg = Release|Any CPU
		{82CC5015-BB49-42EE-A34E-962096AE31C1}.Release|x64.Build.0 = Release|Any CPU
		{82CC5015-BB49-42EE-A34E-962096AE31C1}.Release|x86.ActiveCfg = Release|Any CPU
		{82CC5015-BB49-42EE-A34E-962096AE31C1}.Release|x86.Build.0 = Release|Any CPU
		{2CDA0993-4A12-42AF-BF90-CEF32A324BEA}.Debug|Any CPU.ActiveCfg = Debug|Any CPU
		{2CDA0993-4A12-42AF-BF90-CEF32A324BEA}.Debug|Any CPU.Build.0 = Debug|Any CPU
		{2CDA0993-4A12-42AF-BF90-CEF32A324BEA}.Debug|x64.ActiveCfg = Debug|Any CPU
		{2CDA0993-4A12-42AF-BF90-CEF32A324BEA}.Debug|x64.Build.0 = Debug|Any CPU
		{2CDA0993-4A12-42AF-BF90-CEF32A324BEA}.Debug|x86.ActiveCfg = Debug|Any CPU
		{2CDA0993-4A12-42AF-BF90-CEF32A324BEA}.Debug|x86.Build.0 = Debug|Any CPU
		{2CDA0993-4A12-42AF-BF90-CEF32A324BEA}.Release|Any CPU.ActiveCfg = Release|Any CPU
		{2CDA0993-4A12-42AF-BF90-CEF32A324BEA}.Release|Any CPU.Build.0 = Release|Any CPU
		{2CDA0993-4A12-42AF-BF90-CEF32A324BEA}.Release|x64.ActiveCfg = Release|Any CPU
		{2CDA0993-4A12-42AF-BF90-CEF32A324BEA}.Release|x64.Build.0 = Release|Any CPU
		{2CDA0993-4A12-42AF-BF90-CEF32A324BEA}.Release|x86.ActiveCfg = Release|Any CPU
		{2CDA0993-4A12-42AF-BF90-CEF32A324BEA}.Release|x86.Build.0 = Release|Any CPU
		{727714F5-1A02-4CF6-B6FE-DB0861833F7F}.Debug|Any CPU.ActiveCfg = Debug|Any CPU
		{727714F5-1A02-4CF6-B6FE-DB0861833F7F}.Debug|Any CPU.Build.0 = Debug|Any CPU
		{727714F5-1A02-4CF6-B6FE-DB0861833F7F}.Debug|x64.ActiveCfg = Debug|Any CPU
		{727714F5-1A02-4CF6-B6FE-DB0861833F7F}.Debug|x64.Build.0 = Debug|Any CPU
		{727714F5-1A02-4CF6-B6FE-DB0861833F7F}.Debug|x86.ActiveCfg = Debug|Any CPU
		{727714F5-1A02-4CF6-B6FE-DB0861833F7F}.Debug|x86.Build.0 = Debug|Any CPU
		{727714F5-1A02-4CF6-B6FE-DB0861833F7F}.Release|Any CPU.ActiveCfg = Release|Any CPU
		{727714F5-1A02-4CF6-B6FE-DB0861833F7F}.Release|Any CPU.Build.0 = Release|Any CPU
		{727714F5-1A02-4CF6-B6FE-DB0861833F7F}.Release|x64.ActiveCfg = Release|Any CPU
		{727714F5-1A02-4CF6-B6FE-DB0861833F7F}.Release|x64.Build.0 = Release|Any CPU
		{727714F5-1A02-4CF6-B6FE-DB0861833F7F}.Release|x86.ActiveCfg = Release|Any CPU
		{727714F5-1A02-4CF6-B6FE-DB0861833F7F}.Release|x86.Build.0 = Release|Any CPU
		{E5BCB467-32D7-4D8D-B45D-C700A28ABE95}.Debug|Any CPU.ActiveCfg = Debug|Any CPU
		{E5BCB467-32D7-4D8D-B45D-C700A28ABE95}.Debug|Any CPU.Build.0 = Debug|Any CPU
		{E5BCB467-32D7-4D8D-B45D-C700A28ABE95}.Debug|x64.ActiveCfg = Debug|Any CPU
		{E5BCB467-32D7-4D8D-B45D-C700A28ABE95}.Debug|x64.Build.0 = Debug|Any CPU
		{E5BCB467-32D7-4D8D-B45D-C700A28ABE95}.Debug|x86.ActiveCfg = Debug|Any CPU
		{E5BCB467-32D7-4D8D-B45D-C700A28ABE95}.Debug|x86.Build.0 = Debug|Any CPU
		{E5BCB467-32D7-4D8D-B45D-C700A28ABE95}.Release|Any CPU.ActiveCfg = Release|Any CPU
		{E5BCB467-32D7-4D8D-B45D-C700A28ABE95}.Release|Any CPU.Build.0 = Release|Any CPU
		{E5BCB467-32D7-4D8D-B45D-C700A28ABE95}.Release|x64.ActiveCfg = Release|Any CPU
		{E5BCB467-32D7-4D8D-B45D-C700A28ABE95}.Release|x64.Build.0 = Release|Any CPU
		{E5BCB467-32D7-4D8D-B45D-C700A28ABE95}.Release|x86.ActiveCfg = Release|Any CPU
		{E5BCB467-32D7-4D8D-B45D-C700A28ABE95}.Release|x86.Build.0 = Release|Any CPU
		{ADB6D631-8A60-4FE7-82A0-D85CF2A21396}.Debug|Any CPU.ActiveCfg = Debug|Any CPU
		{ADB6D631-8A60-4FE7-82A0-D85CF2A21396}.Debug|Any CPU.Build.0 = Debug|Any CPU
		{ADB6D631-8A60-4FE7-82A0-D85CF2A21396}.Debug|x64.ActiveCfg = Debug|Any CPU
		{ADB6D631-8A60-4FE7-82A0-D85CF2A21396}.Debug|x64.Build.0 = Debug|Any CPU
		{ADB6D631-8A60-4FE7-82A0-D85CF2A21396}.Debug|x86.ActiveCfg = Debug|Any CPU
		{ADB6D631-8A60-4FE7-82A0-D85CF2A21396}.Debug|x86.Build.0 = Debug|Any CPU
		{ADB6D631-8A60-4FE7-82A0-D85CF2A21396}.Release|Any CPU.ActiveCfg = Release|Any CPU
		{ADB6D631-8A60-4FE7-82A0-D85CF2A21396}.Release|Any CPU.Build.0 = Release|Any CPU
		{ADB6D631-8A60-4FE7-82A0-D85CF2A21396}.Release|x64.ActiveCfg = Release|Any CPU
		{ADB6D631-8A60-4FE7-82A0-D85CF2A21396}.Release|x64.Build.0 = Release|Any CPU
		{ADB6D631-8A60-4FE7-82A0-D85CF2A21396}.Release|x86.ActiveCfg = Release|Any CPU
		{ADB6D631-8A60-4FE7-82A0-D85CF2A21396}.Release|x86.Build.0 = Release|Any CPU
		{9E1D9B5A-3DEA-4C92-AA10-6B2D502A9238}.Debug|Any CPU.ActiveCfg = Debug|Any CPU
		{9E1D9B5A-3DEA-4C92-AA10-6B2D502A9238}.Debug|Any CPU.Build.0 = Debug|Any CPU
		{9E1D9B5A-3DEA-4C92-AA10-6B2D502A9238}.Debug|x64.ActiveCfg = Debug|Any CPU
		{9E1D9B5A-3DEA-4C92-AA10-6B2D502A9238}.Debug|x64.Build.0 = Debug|Any CPU
		{9E1D9B5A-3DEA-4C92-AA10-6B2D502A9238}.Debug|x86.ActiveCfg = Debug|Any CPU
		{9E1D9B5A-3DEA-4C92-AA10-6B2D502A9238}.Debug|x86.Build.0 = Debug|Any CPU
		{9E1D9B5A-3DEA-4C92-AA10-6B2D502A9238}.Release|Any CPU.ActiveCfg = Release|Any CPU
		{9E1D9B5A-3DEA-4C92-AA10-6B2D502A9238}.Release|Any CPU.Build.0 = Release|Any CPU
		{9E1D9B5A-3DEA-4C92-AA10-6B2D502A9238}.Release|x64.ActiveCfg = Release|Any CPU
		{9E1D9B5A-3DEA-4C92-AA10-6B2D502A9238}.Release|x64.Build.0 = Release|Any CPU
		{9E1D9B5A-3DEA-4C92-AA10-6B2D502A9238}.Release|x86.ActiveCfg = Release|Any CPU
		{9E1D9B5A-3DEA-4C92-AA10-6B2D502A9238}.Release|x86.Build.0 = Release|Any CPU
		{A210AD02-EC33-436F-98B3-4F2FCFABC3E5}.Debug|Any CPU.ActiveCfg = Debug|Any CPU
		{A210AD02-EC33-436F-98B3-4F2FCFABC3E5}.Debug|Any CPU.Build.0 = Debug|Any CPU
		{A210AD02-EC33-436F-98B3-4F2FCFABC3E5}.Debug|x64.ActiveCfg = Debug|Any CPU
		{A210AD02-EC33-436F-98B3-4F2FCFABC3E5}.Debug|x64.Build.0 = Debug|Any CPU
		{A210AD02-EC33-436F-98B3-4F2FCFABC3E5}.Debug|x86.ActiveCfg = Debug|Any CPU
		{A210AD02-EC33-436F-98B3-4F2FCFABC3E5}.Debug|x86.Build.0 = Debug|Any CPU
		{A210AD02-EC33-436F-98B3-4F2FCFABC3E5}.Release|Any CPU.ActiveCfg = Release|Any CPU
		{A210AD02-EC33-436F-98B3-4F2FCFABC3E5}.Release|Any CPU.Build.0 = Release|Any CPU
		{A210AD02-EC33-436F-98B3-4F2FCFABC3E5}.Release|x64.ActiveCfg = Release|Any CPU
		{A210AD02-EC33-436F-98B3-4F2FCFABC3E5}.Release|x64.Build.0 = Release|Any CPU
		{A210AD02-EC33-436F-98B3-4F2FCFABC3E5}.Release|x86.ActiveCfg = Release|Any CPU
		{A210AD02-EC33-436F-98B3-4F2FCFABC3E5}.Release|x86.Build.0 = Release|Any CPU
		{04B6B867-DDF8-4B6A-A04F-4AF9F68007CF}.Debug|Any CPU.ActiveCfg = Debug|Any CPU
		{04B6B867-DDF8-4B6A-A04F-4AF9F68007CF}.Debug|Any CPU.Build.0 = Debug|Any CPU
		{04B6B867-DDF8-4B6A-A04F-4AF9F68007CF}.Debug|x64.ActiveCfg = Debug|Any CPU
		{04B6B867-DDF8-4B6A-A04F-4AF9F68007CF}.Debug|x64.Build.0 = Debug|Any CPU
		{04B6B867-DDF8-4B6A-A04F-4AF9F68007CF}.Debug|x86.ActiveCfg = Debug|Any CPU
		{04B6B867-DDF8-4B6A-A04F-4AF9F68007CF}.Debug|x86.Build.0 = Debug|Any CPU
		{04B6B867-DDF8-4B6A-A04F-4AF9F68007CF}.Release|Any CPU.ActiveCfg = Release|Any CPU
		{04B6B867-DDF8-4B6A-A04F-4AF9F68007CF}.Release|Any CPU.Build.0 = Release|Any CPU
		{04B6B867-DDF8-4B6A-A04F-4AF9F68007CF}.Release|x64.ActiveCfg = Release|Any CPU
		{04B6B867-DDF8-4B6A-A04F-4AF9F68007CF}.Release|x64.Build.0 = Release|Any CPU
		{04B6B867-DDF8-4B6A-A04F-4AF9F68007CF}.Release|x86.ActiveCfg = Release|Any CPU
		{04B6B867-DDF8-4B6A-A04F-4AF9F68007CF}.Release|x86.Build.0 = Release|Any CPU
		{3DF2813D-B976-457F-9316-357E71C4BFA7}.Debug|Any CPU.ActiveCfg = Debug|Any CPU
		{3DF2813D-B976-457F-9316-357E71C4BFA7}.Debug|Any CPU.Build.0 = Debug|Any CPU
		{3DF2813D-B976-457F-9316-357E71C4BFA7}.Debug|x64.ActiveCfg = Debug|Any CPU
		{3DF2813D-B976-457F-9316-357E71C4BFA7}.Debug|x64.Build.0 = Debug|Any CPU
		{3DF2813D-B976-457F-9316-357E71C4BFA7}.Debug|x86.ActiveCfg = Debug|Any CPU
		{3DF2813D-B976-457F-9316-357E71C4BFA7}.Debug|x86.Build.0 = Debug|Any CPU
		{3DF2813D-B976-457F-9316-357E71C4BFA7}.Release|Any CPU.ActiveCfg = Release|Any CPU
		{3DF2813D-B976-457F-9316-357E71C4BFA7}.Release|Any CPU.Build.0 = Release|Any CPU
		{3DF2813D-B976-457F-9316-357E71C4BFA7}.Release|x64.ActiveCfg = Release|Any CPU
		{3DF2813D-B976-457F-9316-357E71C4BFA7}.Release|x64.Build.0 = Release|Any CPU
		{3DF2813D-B976-457F-9316-357E71C4BFA7}.Release|x86.ActiveCfg = Release|Any CPU
		{3DF2813D-B976-457F-9316-357E71C4BFA7}.Release|x86.Build.0 = Release|Any CPU
		{A27034AB-15AA-4ED6-AA28-ABE1B1CF10FA}.Debug|Any CPU.ActiveCfg = Debug|Any CPU
		{A27034AB-15AA-4ED6-AA28-ABE1B1CF10FA}.Debug|Any CPU.Build.0 = Debug|Any CPU
		{A27034AB-15AA-4ED6-AA28-ABE1B1CF10FA}.Debug|x64.ActiveCfg = Debug|Any CPU
		{A27034AB-15AA-4ED6-AA28-ABE1B1CF10FA}.Debug|x64.Build.0 = Debug|Any CPU
		{A27034AB-15AA-4ED6-AA28-ABE1B1CF10FA}.Debug|x86.ActiveCfg = Debug|Any CPU
		{A27034AB-15AA-4ED6-AA28-ABE1B1CF10FA}.Debug|x86.Build.0 = Debug|Any CPU
		{A27034AB-15AA-4ED6-AA28-ABE1B1CF10FA}.Release|Any CPU.ActiveCfg = Release|Any CPU
		{A27034AB-15AA-4ED6-AA28-ABE1B1CF10FA}.Release|Any CPU.Build.0 = Release|Any CPU
		{A27034AB-15AA-4ED6-AA28-ABE1B1CF10FA}.Release|x64.ActiveCfg = Release|Any CPU
		{A27034AB-15AA-4ED6-AA28-ABE1B1CF10FA}.Release|x64.Build.0 = Release|Any CPU
		{A27034AB-15AA-4ED6-AA28-ABE1B1CF10FA}.Release|x86.ActiveCfg = Release|Any CPU
		{A27034AB-15AA-4ED6-AA28-ABE1B1CF10FA}.Release|x86.Build.0 = Release|Any CPU
		{E04F4626-80D9-4E48-9C8E-2E3F095151B4}.Debug|Any CPU.ActiveCfg = Debug|Any CPU
		{E04F4626-80D9-4E48-9C8E-2E3F095151B4}.Debug|Any CPU.Build.0 = Debug|Any CPU
		{E04F4626-80D9-4E48-9C8E-2E3F095151B4}.Debug|x64.ActiveCfg = Debug|Any CPU
		{E04F4626-80D9-4E48-9C8E-2E3F095151B4}.Debug|x64.Build.0 = Debug|Any CPU
		{E04F4626-80D9-4E48-9C8E-2E3F095151B4}.Debug|x86.ActiveCfg = Debug|Any CPU
		{E04F4626-80D9-4E48-9C8E-2E3F095151B4}.Debug|x86.Build.0 = Debug|Any CPU
		{E04F4626-80D9-4E48-9C8E-2E3F095151B4}.Release|Any CPU.ActiveCfg = Release|Any CPU
		{E04F4626-80D9-4E48-9C8E-2E3F095151B4}.Release|Any CPU.Build.0 = Release|Any CPU
		{E04F4626-80D9-4E48-9C8E-2E3F095151B4}.Release|x64.ActiveCfg = Release|Any CPU
		{E04F4626-80D9-4E48-9C8E-2E3F095151B4}.Release|x64.Build.0 = Release|Any CPU
		{E04F4626-80D9-4E48-9C8E-2E3F095151B4}.Release|x86.ActiveCfg = Release|Any CPU
		{E04F4626-80D9-4E48-9C8E-2E3F095151B4}.Release|x86.Build.0 = Release|Any CPU
		{5FD434AA-3B33-4006-A211-B682FC9C3656}.Debug|Any CPU.ActiveCfg = Debug|Any CPU
		{5FD434AA-3B33-4006-A211-B682FC9C3656}.Debug|Any CPU.Build.0 = Debug|Any CPU
		{5FD434AA-3B33-4006-A211-B682FC9C3656}.Debug|x64.ActiveCfg = Debug|Any CPU
		{5FD434AA-3B33-4006-A211-B682FC9C3656}.Debug|x64.Build.0 = Debug|Any CPU
		{5FD434AA-3B33-4006-A211-B682FC9C3656}.Debug|x86.ActiveCfg = Debug|Any CPU
		{5FD434AA-3B33-4006-A211-B682FC9C3656}.Debug|x86.Build.0 = Debug|Any CPU
		{5FD434AA-3B33-4006-A211-B682FC9C3656}.Release|Any CPU.ActiveCfg = Release|Any CPU
		{5FD434AA-3B33-4006-A211-B682FC9C3656}.Release|Any CPU.Build.0 = Release|Any CPU
		{5FD434AA-3B33-4006-A211-B682FC9C3656}.Release|x64.ActiveCfg = Release|Any CPU
		{5FD434AA-3B33-4006-A211-B682FC9C3656}.Release|x64.Build.0 = Release|Any CPU
		{5FD434AA-3B33-4006-A211-B682FC9C3656}.Release|x86.ActiveCfg = Release|Any CPU
		{5FD434AA-3B33-4006-A211-B682FC9C3656}.Release|x86.Build.0 = Release|Any CPU
		{C1FF47AF-9E7E-4E0E-B08F-4C30713C2301}.Debug|Any CPU.ActiveCfg = Debug|Any CPU
		{C1FF47AF-9E7E-4E0E-B08F-4C30713C2301}.Debug|Any CPU.Build.0 = Debug|Any CPU
		{C1FF47AF-9E7E-4E0E-B08F-4C30713C2301}.Debug|x64.ActiveCfg = Debug|Any CPU
		{C1FF47AF-9E7E-4E0E-B08F-4C30713C2301}.Debug|x64.Build.0 = Debug|Any CPU
		{C1FF47AF-9E7E-4E0E-B08F-4C30713C2301}.Debug|x86.ActiveCfg = Debug|Any CPU
		{C1FF47AF-9E7E-4E0E-B08F-4C30713C2301}.Debug|x86.Build.0 = Debug|Any CPU
		{C1FF47AF-9E7E-4E0E-B08F-4C30713C2301}.Release|Any CPU.ActiveCfg = Release|Any CPU
		{C1FF47AF-9E7E-4E0E-B08F-4C30713C2301}.Release|Any CPU.Build.0 = Release|Any CPU
		{C1FF47AF-9E7E-4E0E-B08F-4C30713C2301}.Release|x64.ActiveCfg = Release|Any CPU
		{C1FF47AF-9E7E-4E0E-B08F-4C30713C2301}.Release|x64.Build.0 = Release|Any CPU
		{C1FF47AF-9E7E-4E0E-B08F-4C30713C2301}.Release|x86.ActiveCfg = Release|Any CPU
		{C1FF47AF-9E7E-4E0E-B08F-4C30713C2301}.Release|x86.Build.0 = Release|Any CPU
	EndGlobalSection
	GlobalSection(SolutionProperties) = preSolution
		HideSolutionNode = FALSE
	EndGlobalSection
	GlobalSection(NestedProjects) = preSolution
		{90298CBA-BD6F-3A0A-69D5-97CAD7B05E7E} = {827E0CD3-B72D-47B6-A68D-7590B98EB39B}
		{1EECEC51-EB97-4630-8BAE-A1A336C1EAB6} = {90298CBA-BD6F-3A0A-69D5-97CAD7B05E7E}
		{C2E6A25D-A1A5-4C62-A5DF-B3B48F0C3DBC} = {90298CBA-BD6F-3A0A-69D5-97CAD7B05E7E}
		{981C2CF6-E5BB-602A-511C-234B538302B0} = {827E0CD3-B72D-47B6-A68D-7590B98EB39B}
		{82CC5015-BB49-42EE-A34E-962096AE31C1} = {981C2CF6-E5BB-602A-511C-234B538302B0}
		{EC447DCF-ABFA-6E24-52A5-D7FD48A5C558} = {827E0CD3-B72D-47B6-A68D-7590B98EB39B}
		{FC0D8A46-3DC7-E91E-C357-28F70C4DB3C6} = {EC447DCF-ABFA-6E24-52A5-D7FD48A5C558}
		{2CDA0993-4A12-42AF-BF90-CEF32A324BEA} = {FC0D8A46-3DC7-E91E-C357-28F70C4DB3C6}
		{727714F5-1A02-4CF6-B6FE-DB0861833F7F} = {FC0D8A46-3DC7-E91E-C357-28F70C4DB3C6}
		{1E1EF545-4C18-AEE2-B997-7EF431518D3F} = {EC447DCF-ABFA-6E24-52A5-D7FD48A5C558}
		{E5BCB467-32D7-4D8D-B45D-C700A28ABE95} = {1E1EF545-4C18-AEE2-B997-7EF431518D3F}
		{3F49F743-7069-AB78-6FAA-3B0680876963} = {EC447DCF-ABFA-6E24-52A5-D7FD48A5C558}
		{ADB6D631-8A60-4FE7-82A0-D85CF2A21396} = {3F49F743-7069-AB78-6FAA-3B0680876963}
		{07548A0D-84A2-0B0C-5029-229EEE9F11E7} = {EC447DCF-ABFA-6E24-52A5-D7FD48A5C558}
		{9E1D9B5A-3DEA-4C92-AA10-6B2D502A9238} = {07548A0D-84A2-0B0C-5029-229EEE9F11E7}
		{A210AD02-EC33-436F-98B3-4F2FCFABC3E5} = {3F49F743-7069-AB78-6FAA-3B0680876963}
		{04B6B867-DDF8-4B6A-A04F-4AF9F68007CF} = {07548A0D-84A2-0B0C-5029-229EEE9F11E7}
		{3DF2813D-B976-457F-9316-357E71C4BFA7} = {1E1EF545-4C18-AEE2-B997-7EF431518D3F}
		{A27034AB-15AA-4ED6-AA28-ABE1B1CF10FA} = {0AB3BF05-4346-4AA6-1389-037BE0695223}
		{E04F4626-80D9-4E48-9C8E-2E3F095151B4} = {0AB3BF05-4346-4AA6-1389-037BE0695223}
		{5FD434AA-3B33-4006-A211-B682FC9C3656} = {0AB3BF05-4346-4AA6-1389-037BE0695223}
		{C1FF47AF-9E7E-4E0E-B08F-4C30713C2301} = {90298CBA-BD6F-3A0A-69D5-97CAD7B05E7E}
	EndGlobalSection
EndGlobal
